
Microsoft Visual Studio Solution File, Format Version 12.00
# Visual Studio Version 17
VisualStudioVersion = 17.10.34928.147
MinimumVisualStudioVersion = 10.0.40219.1
Project("{9A19103F-16F7-4668-BE54-9A1E7A4F7556}") = "Kotarski_Wiktor_ToDo_API", "Kotarski_Wiktor_ToDo_API.csproj", "{003593D2-C54F-4C94-9410-2ED143ABEE97}"
EndProject
Global
	GlobalSection(SolutionConfigurationPlatforms) = preSolution
		Debug|Any CPU = Debug|Any CPU
		Release|Any CPU = Release|Any CPU
	EndGlobalSection
	GlobalSection(ProjectConfigurationPlatforms) = postSolution
		{003593D2-C54F-4C94-9410-2ED143ABEE97}.Debug|Any CPU.ActiveCfg = Debug|Any CPU
		{003593D2-C54F-4C94-9410-2ED143ABEE97}.Debug|Any CPU.Build.0 = Debug|Any CPU
		{003593D2-C54F-4C94-9410-2ED143ABEE97}.Release|Any CPU.ActiveCfg = Release|Any CPU
		{003593D2-C54F-4C94-9410-2ED143ABEE97}.Release|Any CPU.Build.0 = Release|Any CPU
	EndGlobalSection
	GlobalSection(SolutionProperties) = preSolution
		HideSolutionNode = FALSE
	EndGlobalSection
	GlobalSection(ExtensibilityGlobals) = postSolution
		SolutionGuid = {1485A67F-FB88-4F12-9EF7-BC05DB937F95}
	EndGlobalSection
EndGlobal
